# This file is automatically @generated by Cargo.
# It is not intended for manual editing.
version = 4

[[package]]
name = "vh-cli"
version = "0.1.0"
dependencies = [
 "vh-core",
 "vh-gremlin",
 "vh-multiverse",
 "vh-props",
 "vh-trace",
]

[[package]]
name = "vh-core"
version = "0.1.0"

[[package]]
name = "vh-gremlin"
version = "0.1.0"
dependencies = [
 "vh-core",
]

[[package]]
name = "vh-multiverse"
version = "0.1.0"
dependencies = [
 "vh-core",
 "vh-gremlin",
 "vh-props",
 "vh-trace",
]

[[package]]
name = "vh-props"
version = "0.1.0"

[[package]]
name = "vh-shrink"
version = "0.1.0"
dependencies = [
 "vh-cli",
 "vh-gremlin",
 "vh-multiverse",
 "vh-verify",
]

[[package]]
name = "vh-trace"
version = "0.1.0"

[[package]]
name = "vh-verify"
version = "0.1.0"
dependencies = [
 "vh-core",
 "vh-gremlin",
 "vh-multiverse",
 "vh-props",
 "vh-trace",
]
